
Microsoft Visual Studio Solution File, Format Version 11.00
# Visual Studio 2010
Project("{8BC9CEB8-8B4A-11D0-8D11-00A0C91BC942}") = "MySample", "MySample\MySample.vcxproj", "{3260C69A-905B-4932-8DFF-6A29264E2FCB}"
EndProject
Global
	GlobalSection(SolutionConfigurationPlatforms) = preSolution
		Debug|Win32 = Debug|Win32
		Release|Win32 = Release|Win32
	EndGlobalSection
	GlobalSection(ProjectConfigurationPlatforms) = postSolution
		{3260C69A-905B-4932-8DFF-6A29264E2FCB}.Debug|Win32.ActiveCfg = Debug|Win32
		{3260C69A-905B-4932-8DFF-6A29264E2FCB}.Debug|Win32.Build.0 = Debug|Win32
		{3260C69A-905B-4932-8DFF-6A29264E2FCB}.Release|Win32.ActiveCfg = Release|Win32
		{3260C69A-905B-4932-8DFF-6A29264E2FCB}.Release|Win32.Build.0 = Release|Win32
	EndGlobalSection
	GlobalSection(SolutionProperties) = preSolution
		HideSolutionNode = FALSE
	EndGlobalSection
EndGlobal
